
Microsoft Visual Studio Solution File, Format Version 12.00
Project("{FAE04EC0-301F-11D3-BF4B-00C04F79EFBC}") = "WebApp", "WebApp\WebApp.csproj", "{880A1508-0BA1-42F6-93CA-17F804649CFE}"
EndProject
Project("{FAE04EC0-301F-11D3-BF4B-00C04F79EFBC}") = "DAL.App.EF", "DAL.App.EF\DAL.App.EF.csproj", "{58507606-AEA0-4D59-961F-779DD704948A}"
EndProject
Project("{FAE04EC0-301F-11D3-BF4B-00C04F79EFBC}") = "Domain", "Domain\Domain.csproj", "{CBCFC750-917C-4115-BE10-C1525FF7CAE9}"
EndProject
Project("{FAE04EC0-301F-11D3-BF4B-00C04F79EFBC}") = "Contracts.DAL.Base", "Contracts.DAL.Base\Contracts.DAL.Base.csproj", "{F35DDF32-8D48-44C6-8DC2-BC2E7B707769}"
EndProject
Project("{FAE04EC0-301F-11D3-BF4B-00C04F79EFBC}") = "DAL.Base.EF", "DAL.Base.EF\DAL.Base.EF.csproj", "{B85F53EF-FAB7-4F86-BB80-7D8F98F1A672}"
EndProject
Project("{FAE04EC0-301F-11D3-BF4B-00C04F79EFBC}") = "Contracts.Domain.Base", "Contracts.Domain.Base\Contracts.Domain.Base.csproj", "{369481D8-D995-462D-8F28-0328C10A1B9F}"
EndProject
Project("{FAE04EC0-301F-11D3-BF4B-00C04F79EFBC}") = "Contracts.DAL.App", "Contracts.DAL.App\Contracts.DAL.App.csproj", "{5A9852EE-4ECE-47C8-ACD0-136BDEBE75F4}"
EndProject
Project("{FAE04EC0-301F-11D3-BF4B-00C04F79EFBC}") = "Domain.Base", "Domain.Base\Domain.Base.csproj", "{86BD003E-CDF1-4FB4-ADFF-F5D902CE2C85}"
EndProject
Project("{FAE04EC0-301F-11D3-BF4B-00C04F79EFBC}") = "DAL.Base", "DAL.Base\DAL.Base.csproj", "{619328BA-3D6E-438B-BC85-8033DF0EC3CD}"
EndProject
Project("{2150E333-8FDC-42A3-9474-1A3956D46DE8}") = "Solution Items", "Solution Items", "{B5D4955C-0116-48D4-8C31-F5B5B168EE95}"
ProjectSection(SolutionItems) = preProject
	Directory.Build.props = Directory.Build.props
	Dockerfile = Dockerfile
	.dockerignore = .dockerignore
EndProjectSection
EndProject
Project("{FAE04EC0-301F-11D3-BF4B-00C04F79EFBC}") = "Extensions.Base", "Extensions.Base\Extensions.Base.csproj", "{2A537E73-C913-4914-8BD1-D5D08601C266}"
EndProject
Project("{2150E333-8FDC-42A3-9474-1A3956D46DE8}") = "App", "App", "{C1195D4F-327C-47CE-B335-CB10CB8D9EBE}"
EndProject
Project("{2150E333-8FDC-42A3-9474-1A3956D46DE8}") = "Base", "Base", "{0FD87E39-557E-459F-8B59-72DF0C8A6148}"
EndProject
Project("{FAE04EC0-301F-11D3-BF4B-00C04F79EFBC}") = "Contracts.BLL.Base", "Contracts.BLL.Base\Contracts.BLL.Base.csproj", "{EA6F4EF1-B1F7-4053-95C6-BC1138955658}"
EndProject
Project("{FAE04EC0-301F-11D3-BF4B-00C04F79EFBC}") = "BLL.Base", "BLL.Base\BLL.Base.csproj", "{77B91FC7-5ACA-439E-9185-D693977D2AC3}"
EndProject
Project("{FAE04EC0-301F-11D3-BF4B-00C04F79EFBC}") = "DAL.App.DTO", "DAL.App.DTO\DAL.App.DTO.csproj", "{63270E15-3190-44A3-B76B-3B961488F29F}"
EndProject
Project("{FAE04EC0-301F-11D3-BF4B-00C04F79EFBC}") = "BLL.App.DTO", "BLL.App.DTO\BLL.App.DTO.csproj", "{377E493D-DB76-4FCE-B98F-B54091D4B562}"
EndProject
Project("{FAE04EC0-301F-11D3-BF4B-00C04F79EFBC}") = "PublicApiDTO.v1", "PublicApiDTO.v1\PublicApiDTO.v1.csproj", "{1C0BC5E8-9013-4C0E-961F-AAC14DF4BD11}"
EndProject
Project("{FAE04EC0-301F-11D3-BF4B-00C04F79EFBC}") = "BLL.App", "BLL.App\BLL.App.csproj", "{C4EA9C42-167C-4FAA-87D7-C5151D53A004}"
EndProject
Project("{FAE04EC0-301F-11D3-BF4B-00C04F79EFBC}") = "Contracts.BLL.App", "Contracts.BLL.App\Contracts.BLL.App.csproj", "{8393CB1F-6830-4917-93E0-DFB3421BE92D}"
EndProject
Project("{FAE04EC0-301F-11D3-BF4B-00C04F79EFBC}") = "Helpers", "Helpers\Helpers.csproj", "{4A395165-0FBE-478C-957B-E047A9A32E73}"
EndProject
Project("{FAE04EC0-301F-11D3-BF4B-00C04F79EFBC}") = "Resources", "Resources\Resources.csproj", "{94E789A5-965F-4527-BA0A-3FC658E2BF29}"
EndProject
Project("{FAE04EC0-301F-11D3-BF4B-00C04F79EFBC}") = "Resources.Base", "Resources.Base\Resources.Base.csproj", "{0B6A018E-9BCF-4611-A33F-07B555DDABE0}"
EndProject
Project("{2150E333-8FDC-42A3-9474-1A3956D46DE8}") = "Tests", "Tests", "{9F51244D-EDD9-46B8-9DE2-CD2E102A8882}"
EndProject
Project("{FAE04EC0-301F-11D3-BF4B-00C04F79EFBC}") = "TestProject", "TestProject\TestProject.csproj", "{60044CB3-D8C4-462C-BB34-EEE33A5A4145}"
EndProject
Global
	GlobalSection(SolutionConfigurationPlatforms) = preSolution
		Debug|Any CPU = Debug|Any CPU
		Release|Any CPU = Release|Any CPU
	EndGlobalSection
	GlobalSection(ProjectConfigurationPlatforms) = postSolution
		{880A1508-0BA1-42F6-93CA-17F804649CFE}.Debug|Any CPU.ActiveCfg = Debug|Any CPU
		{880A1508-0BA1-42F6-93CA-17F804649CFE}.Debug|Any CPU.Build.0 = Debug|Any CPU
		{880A1508-0BA1-42F6-93CA-17F804649CFE}.Release|Any CPU.ActiveCfg = Release|Any CPU
		{880A1508-0BA1-42F6-93CA-17F804649CFE}.Release|Any CPU.Build.0 = Release|Any CPU
		{58507606-AEA0-4D59-961F-779DD704948A}.Debug|Any CPU.ActiveCfg = Debug|Any CPU
		{58507606-AEA0-4D59-961F-779DD704948A}.Debug|Any CPU.Build.0 = Debug|Any CPU
		{58507606-AEA0-4D59-961F-779DD704948A}.Release|Any CPU.ActiveCfg = Release|Any CPU
		{58507606-AEA0-4D59-961F-779DD704948A}.Release|Any CPU.Build.0 = Release|Any CPU
		{CBCFC750-917C-4115-BE10-C1525FF7CAE9}.Debug|Any CPU.ActiveCfg = Debug|Any CPU
		{CBCFC750-917C-4115-BE10-C1525FF7CAE9}.Debug|Any CPU.Build.0 = Debug|Any CPU
		{CBCFC750-917C-4115-BE10-C1525FF7CAE9}.Release|Any CPU.ActiveCfg = Release|Any CPU
		{CBCFC750-917C-4115-BE10-C1525FF7CAE9}.Release|Any CPU.Build.0 = Release|Any CPU
		{F35DDF32-8D48-44C6-8DC2-BC2E7B707769}.Debug|Any CPU.ActiveCfg = Debug|Any CPU
		{F35DDF32-8D48-44C6-8DC2-BC2E7B707769}.Debug|Any CPU.Build.0 = Debug|Any CPU
		{F35DDF32-8D48-44C6-8DC2-BC2E7B707769}.Release|Any CPU.ActiveCfg = Release|Any CPU
		{F35DDF32-8D48-44C6-8DC2-BC2E7B707769}.Release|Any CPU.Build.0 = Release|Any CPU
		{B85F53EF-FAB7-4F86-BB80-7D8F98F1A672}.Debug|Any CPU.ActiveCfg = Debug|Any CPU
		{B85F53EF-FAB7-4F86-BB80-7D8F98F1A672}.Debug|Any CPU.Build.0 = Debug|Any CPU
		{B85F53EF-FAB7-4F86-BB80-7D8F98F1A672}.Release|Any CPU.ActiveCfg = Release|Any CPU
		{B85F53EF-FAB7-4F86-BB80-7D8F98F1A672}.Release|Any CPU.Build.0 = Release|Any CPU
		{369481D8-D995-462D-8F28-0328C10A1B9F}.Debug|Any CPU.ActiveCfg = Debug|Any CPU
		{369481D8-D995-462D-8F28-0328C10A1B9F}.Debug|Any CPU.Build.0 = Debug|Any CPU
		{369481D8-D995-462D-8F28-0328C10A1B9F}.Release|Any CPU.ActiveCfg = Release|Any CPU
		{369481D8-D995-462D-8F28-0328C10A1B9F}.Release|Any CPU.Build.0 = Release|Any CPU
		{5A9852EE-4ECE-47C8-ACD0-136BDEBE75F4}.Debug|Any CPU.ActiveCfg = Debug|Any CPU
		{5A9852EE-4ECE-47C8-ACD0-136BDEBE75F4}.Debug|Any CPU.Build.0 = Debug|Any CPU
		{5A9852EE-4ECE-47C8-ACD0-136BDEBE75F4}.Release|Any CPU.ActiveCfg = Release|Any CPU
		{5A9852EE-4ECE-47C8-ACD0-136BDEBE75F4}.Release|Any CPU.Build.0 = Release|Any CPU
		{86BD003E-CDF1-4FB4-ADFF-F5D902CE2C85}.Debug|Any CPU.ActiveCfg = Debug|Any CPU
		{86BD003E-CDF1-4FB4-ADFF-F5D902CE2C85}.Debug|Any CPU.Build.0 = Debug|Any CPU
		{86BD003E-CDF1-4FB4-ADFF-F5D902CE2C85}.Release|Any CPU.ActiveCfg = Release|Any CPU
		{86BD003E-CDF1-4FB4-ADFF-F5D902CE2C85}.Release|Any CPU.Build.0 = Release|Any CPU
		{619328BA-3D6E-438B-BC85-8033DF0EC3CD}.Debug|Any CPU.ActiveCfg = Debug|Any CPU
		{619328BA-3D6E-438B-BC85-8033DF0EC3CD}.Debug|Any CPU.Build.0 = Debug|Any CPU
		{619328BA-3D6E-438B-BC85-8033DF0EC3CD}.Release|Any CPU.ActiveCfg = Release|Any CPU
		{619328BA-3D6E-438B-BC85-8033DF0EC3CD}.Release|Any CPU.Build.0 = Release|Any CPU
		{2A537E73-C913-4914-8BD1-D5D08601C266}.Debug|Any CPU.ActiveCfg = Debug|Any CPU
		{2A537E73-C913-4914-8BD1-D5D08601C266}.Debug|Any CPU.Build.0 = Debug|Any CPU
		{2A537E73-C913-4914-8BD1-D5D08601C266}.Release|Any CPU.ActiveCfg = Release|Any CPU
		{2A537E73-C913-4914-8BD1-D5D08601C266}.Release|Any CPU.Build.0 = Release|Any CPU
		{EA6F4EF1-B1F7-4053-95C6-BC1138955658}.Debug|Any CPU.ActiveCfg = Debug|Any CPU
		{EA6F4EF1-B1F7-4053-95C6-BC1138955658}.Debug|Any CPU.Build.0 = Debug|Any CPU
		{EA6F4EF1-B1F7-4053-95C6-BC1138955658}.Release|Any CPU.ActiveCfg = Release|Any CPU
		{EA6F4EF1-B1F7-4053-95C6-BC1138955658}.Release|Any CPU.Build.0 = Release|Any CPU
		{77B91FC7-5ACA-439E-9185-D693977D2AC3}.Debug|Any CPU.ActiveCfg = Debug|Any CPU
		{77B91FC7-5ACA-439E-9185-D693977D2AC3}.Debug|Any CPU.Build.0 = Debug|Any CPU
		{77B91FC7-5ACA-439E-9185-D693977D2AC3}.Release|Any CPU.ActiveCfg = Release|Any CPU
		{77B91FC7-5ACA-439E-9185-D693977D2AC3}.Release|Any CPU.Build.0 = Release|Any CPU
		{63270E15-3190-44A3-B76B-3B961488F29F}.Debug|Any CPU.ActiveCfg = Debug|Any CPU
		{63270E15-3190-44A3-B76B-3B961488F29F}.Debug|Any CPU.Build.0 = Debug|Any CPU
		{63270E15-3190-44A3-B76B-3B961488F29F}.Release|Any CPU.ActiveCfg = Release|Any CPU
		{63270E15-3190-44A3-B76B-3B961488F29F}.Release|Any CPU.Build.0 = Release|Any CPU
		{377E493D-DB76-4FCE-B98F-B54091D4B562}.Debug|Any CPU.ActiveCfg = Debug|Any CPU
		{377E493D-DB76-4FCE-B98F-B54091D4B562}.Debug|Any CPU.Build.0 = Debug|Any CPU
		{377E493D-DB76-4FCE-B98F-B54091D4B562}.Release|Any CPU.ActiveCfg = Release|Any CPU
		{377E493D-DB76-4FCE-B98F-B54091D4B562}.Release|Any CPU.Build.0 = Release|Any CPU
		{1C0BC5E8-9013-4C0E-961F-AAC14DF4BD11}.Debug|Any CPU.ActiveCfg = Debug|Any CPU
		{1C0BC5E8-9013-4C0E-961F-AAC14DF4BD11}.Debug|Any CPU.Build.0 = Debug|Any CPU
		{1C0BC5E8-9013-4C0E-961F-AAC14DF4BD11}.Release|Any CPU.ActiveCfg = Release|Any CPU
		{1C0BC5E8-9013-4C0E-961F-AAC14DF4BD11}.Release|Any CPU.Build.0 = Release|Any CPU
		{C4EA9C42-167C-4FAA-87D7-C5151D53A004}.Debug|Any CPU.ActiveCfg = Debug|Any CPU
		{C4EA9C42-167C-4FAA-87D7-C5151D53A004}.Debug|Any CPU.Build.0 = Debug|Any CPU
		{C4EA9C42-167C-4FAA-87D7-C5151D53A004}.Release|Any CPU.ActiveCfg = Release|Any CPU
		{C4EA9C42-167C-4FAA-87D7-C5151D53A004}.Release|Any CPU.Build.0 = Release|Any CPU
		{8393CB1F-6830-4917-93E0-DFB3421BE92D}.Debug|Any CPU.ActiveCfg = Debug|Any CPU
		{8393CB1F-6830-4917-93E0-DFB3421BE92D}.Debug|Any CPU.Build.0 = Debug|Any CPU
		{8393CB1F-6830-4917-93E0-DFB3421BE92D}.Release|Any CPU.ActiveCfg = Release|Any CPU
		{8393CB1F-6830-4917-93E0-DFB3421BE92D}.Release|Any CPU.Build.0 = Release|Any CPU
		{4A395165-0FBE-478C-957B-E047A9A32E73}.Debug|Any CPU.ActiveCfg = Debug|Any CPU
		{4A395165-0FBE-478C-957B-E047A9A32E73}.Debug|Any CPU.Build.0 = Debug|Any CPU
		{4A395165-0FBE-478C-957B-E047A9A32E73}.Release|Any CPU.ActiveCfg = Release|Any CPU
		{4A395165-0FBE-478C-957B-E047A9A32E73}.Release|Any CPU.Build.0 = Release|Any CPU
		{94E789A5-965F-4527-BA0A-3FC658E2BF29}.Debug|Any CPU.ActiveCfg = Debug|Any CPU
		{94E789A5-965F-4527-BA0A-3FC658E2BF29}.Debug|Any CPU.Build.0 = Debug|Any CPU
		{94E789A5-965F-4527-BA0A-3FC658E2BF29}.Release|Any CPU.ActiveCfg = Release|Any CPU
		{94E789A5-965F-4527-BA0A-3FC658E2BF29}.Release|Any CPU.Build.0 = Release|Any CPU
		{0B6A018E-9BCF-4611-A33F-07B555DDABE0}.Debug|Any CPU.ActiveCfg = Debug|Any CPU
		{0B6A018E-9BCF-4611-A33F-07B555DDABE0}.Debug|Any CPU.Build.0 = Debug|Any CPU
		{0B6A018E-9BCF-4611-A33F-07B555DDABE0}.Release|Any CPU.ActiveCfg = Release|Any CPU
		{0B6A018E-9BCF-4611-A33F-07B555DDABE0}.Release|Any CPU.Build.0 = Release|Any CPU
		{60044CB3-D8C4-462C-BB34-EEE33A5A4145}.Debug|Any CPU.ActiveCfg = Debug|Any CPU
		{60044CB3-D8C4-462C-BB34-EEE33A5A4145}.Debug|Any CPU.Build.0 = Debug|Any CPU
		{60044CB3-D8C4-462C-BB34-EEE33A5A4145}.Release|Any CPU.ActiveCfg = Release|Any CPU
		{60044CB3-D8C4-462C-BB34-EEE33A5A4145}.Release|Any CPU.Build.0 = Release|Any CPU
	EndGlobalSection
	GlobalSection(NestedProjects) = preSolution
		{619328BA-3D6E-438B-BC85-8033DF0EC3CD} = {0FD87E39-557E-459F-8B59-72DF0C8A6148}
		{F35DDF32-8D48-44C6-8DC2-BC2E7B707769} = {0FD87E39-557E-459F-8B59-72DF0C8A6148}
		{369481D8-D995-462D-8F28-0328C10A1B9F} = {0FD87E39-557E-459F-8B59-72DF0C8A6148}
		{86BD003E-CDF1-4FB4-ADFF-F5D902CE2C85} = {0FD87E39-557E-459F-8B59-72DF0C8A6148}
		{2A537E73-C913-4914-8BD1-D5D08601C266} = {0FD87E39-557E-459F-8B59-72DF0C8A6148}
		{B85F53EF-FAB7-4F86-BB80-7D8F98F1A672} = {0FD87E39-557E-459F-8B59-72DF0C8A6148}
		{880A1508-0BA1-42F6-93CA-17F804649CFE} = {C1195D4F-327C-47CE-B335-CB10CB8D9EBE}
		{58507606-AEA0-4D59-961F-779DD704948A} = {C1195D4F-327C-47CE-B335-CB10CB8D9EBE}
		{CBCFC750-917C-4115-BE10-C1525FF7CAE9} = {C1195D4F-327C-47CE-B335-CB10CB8D9EBE}
		{5A9852EE-4ECE-47C8-ACD0-136BDEBE75F4} = {C1195D4F-327C-47CE-B335-CB10CB8D9EBE}
		{EA6F4EF1-B1F7-4053-95C6-BC1138955658} = {0FD87E39-557E-459F-8B59-72DF0C8A6148}
		{77B91FC7-5ACA-439E-9185-D693977D2AC3} = {0FD87E39-557E-459F-8B59-72DF0C8A6148}
		{63270E15-3190-44A3-B76B-3B961488F29F} = {C1195D4F-327C-47CE-B335-CB10CB8D9EBE}
		{377E493D-DB76-4FCE-B98F-B54091D4B562} = {C1195D4F-327C-47CE-B335-CB10CB8D9EBE}
		{1C0BC5E8-9013-4C0E-961F-AAC14DF4BD11} = {C1195D4F-327C-47CE-B335-CB10CB8D9EBE}
		{C4EA9C42-167C-4FAA-87D7-C5151D53A004} = {C1195D4F-327C-47CE-B335-CB10CB8D9EBE}
		{8393CB1F-6830-4917-93E0-DFB3421BE92D} = {C1195D4F-327C-47CE-B335-CB10CB8D9EBE}
		{4A395165-0FBE-478C-957B-E047A9A32E73} = {0FD87E39-557E-459F-8B59-72DF0C8A6148}
		{94E789A5-965F-4527-BA0A-3FC658E2BF29} = {C1195D4F-327C-47CE-B335-CB10CB8D9EBE}
		{0B6A018E-9BCF-4611-A33F-07B555DDABE0} = {0FD87E39-557E-459F-8B59-72DF0C8A6148}
		{60044CB3-D8C4-462C-BB34-EEE33A5A4145} = {9F51244D-EDD9-46B8-9DE2-CD2E102A8882}
	EndGlobalSection
EndGlobal
